// !$*UTF8*$!
{
	archiveVersion = 1;
	classes = {
	};
	objectVersion = 56;
	objects = {

/* Begin PBXBuildFile section */
		3C2FEDE32C4B22B500A925A9 /* FirebaseAuth in Frameworks */ = {isa = PBXBuildFile; productRef = 3C2FEDE22C4B22B500A925A9 /* FirebaseAuth */; };
		3C2FEDE52C4B24F100A925A9 /* MainView.swift in Sources */ = {isa = PBXBuildFile; fileRef = 3C2FEDE42C4B24F100A925A9 /* MainView.swift */; };
		3C2FEDE72C4B252B00A925A9 /* FirebaseFirestore in Frameworks */ = {isa = PBXBuildFile; productRef = 3C2FEDE62C4B252B00A925A9 /* FirebaseFirestore */; };
		3C46480C2C4B163A00B914D3 /* PontoComApp.swift in Sources */ = {isa = PBXBuildFile; fileRef = 3C46480B2C4B163A00B914D3 /* PontoComApp.swift */; };
		3C4648102C4B163C00B914D3 /* Assets.xcassets in Resources */ = {isa = PBXBuildFile; fileRef = 3C46480F2C4B163C00B914D3 /* Assets.xcassets */; };
		3C4648132C4B163C00B914D3 /* Preview Assets.xcassets in Resources */ = {isa = PBXBuildFile; fileRef = 3C4648122C4B163C00B914D3 /* Preview Assets.xcassets */; };
		3C46481A2C4B166600B914D3 /* LoginView.swift in Sources */ = {isa = PBXBuildFile; fileRef = 3C4648192C4B166600B914D3 /* LoginView.swift */; };
		3C4648242C4B1F3100B914D3 /* GoogleService-Info.plist in Resources */ = {isa = PBXBuildFile; fileRef = 3C4648232C4B1F3100B914D3 /* GoogleService-Info.plist */; };
		3C46482A2C4B20E700B914D3 /* AppDelegate.swift in Sources */ = {isa = PBXBuildFile; fileRef = 3C4648292C4B20E700B914D3 /* AppDelegate.swift */; };
		3CA0F5E02C4F06C000E49629 /* BotaoView.swift in Sources */ = {isa = PBXBuildFile; fileRef = 3CA0F5DF2C4F06C000E49629 /* BotaoView.swift */; };
		3CA619382C5C38020028091D /* TImerViewModel.swift in Sources */ = {isa = PBXBuildFile; fileRef = 3CA619372C5C38020028091D /* TImerViewModel.swift */; };
		3CA6193A2C5C382D0028091D /* TimerView.swift in Sources */ = {isa = PBXBuildFile; fileRef = 3CA619392C5C382D0028091D /* TimerView.swift */; };
		3CB473FB2C505340000B64BA /* FirebaseUtils.swift in Sources */ = {isa = PBXBuildFile; fileRef = 3CB473FA2C505340000B64BA /* FirebaseUtils.swift */; };
		3CB473FE2C5067A7000B64BA /* LocationManager.swift in Sources */ = {isa = PBXBuildFile; fileRef = 3CB473FD2C5067A7000B64BA /* LocationManager.swift */; };
		3CB474012C506B2E000B64BA /* RootView.swift in Sources */ = {isa = PBXBuildFile; fileRef = 3CB474002C506B2E000B64BA /* RootView.swift */; };
		3CF62C8E2C584F47005B604D /* Geofence.swift in Sources */ = {isa = PBXBuildFile; fileRef = 3CF62C8D2C584F47005B604D /* Geofence.swift */; };
		3CF62C912C59A8E7005B604D /* LoginViewModel.swift in Sources */ = {isa = PBXBuildFile; fileRef = 3CF62C902C59A8E7005B604D /* LoginViewModel.swift */; };
/* End PBXBuildFile section */

/* Begin PBXFileReference section */
		3C2FEDE42C4B24F100A925A9 /* MainView.swift */ = {isa = PBXFileReference; lastKnownFileType = sourcecode.swift; path = MainView.swift; sourceTree = "<group>"; };
		3C4648082C4B163A00B914D3 /* PontoCom.app */ = {isa = PBXFileReference; explicitFileType = wrapper.application; includeInIndex = 0; path = PontoCom.app; sourceTree = BUILT_PRODUCTS_DIR; };
		3C46480B2C4B163A00B914D3 /* PontoComApp.swift */ = {isa = PBXFileReference; lastKnownFileType = sourcecode.swift; path = PontoComApp.swift; sourceTree = "<group>"; };
		3C46480F2C4B163C00B914D3 /* Assets.xcassets */ = {isa = PBXFileReference; lastKnownFileType = folder.assetcatalog; path = Assets.xcassets; sourceTree = "<group>"; };
		3C4648122C4B163C00B914D3 /* Preview Assets.xcassets */ = {isa = PBXFileReference; lastKnownFileType = folder.assetcatalog; path = "Preview Assets.xcassets"; sourceTree = "<group>"; };
		3C4648192C4B166600B914D3 /* LoginView.swift */ = {isa = PBXFileReference; lastKnownFileType = sourcecode.swift; path = LoginView.swift; sourceTree = "<group>"; };
		3C4648232C4B1F3100B914D3 /* GoogleService-Info.plist */ = {isa = PBXFileReference; fileEncoding = 4; lastKnownFileType = text.plist.xml; path = "GoogleService-Info.plist"; sourceTree = "<group>"; };
		3C4648292C4B20E700B914D3 /* AppDelegate.swift */ = {isa = PBXFileReference; lastKnownFileType = sourcecode.swift; path = AppDelegate.swift; sourceTree = "<group>"; };
		3CA0F5DF2C4F06C000E49629 /* BotaoView.swift */ = {isa = PBXFileReference; lastKnownFileType = sourcecode.swift; path = BotaoView.swift; sourceTree = "<group>"; };
		3CA619372C5C38020028091D /* TImerViewModel.swift */ = {isa = PBXFileReference; lastKnownFileType = sourcecode.swift; path = TImerViewModel.swift; sourceTree = "<group>"; };
		3CA619392C5C382D0028091D /* TimerView.swift */ = {isa = PBXFileReference; lastKnownFileType = sourcecode.swift; path = TimerView.swift; sourceTree = "<group>"; };
		3CB473FA2C505340000B64BA /* FirebaseUtils.swift */ = {isa = PBXFileReference; lastKnownFileType = sourcecode.swift; path = FirebaseUtils.swift; sourceTree = "<group>"; };
		3CB473FD2C5067A7000B64BA /* LocationManager.swift */ = {isa = PBXFileReference; lastKnownFileType = sourcecode.swift; path = LocationManager.swift; sourceTree = "<group>"; };
		3CB474002C506B2E000B64BA /* RootView.swift */ = {isa = PBXFileReference; lastKnownFileType = sourcecode.swift; path = RootView.swift; sourceTree = "<group>"; };
		3CF62C8D2C584F47005B604D /* Geofence.swift */ = {isa = PBXFileReference; lastKnownFileType = sourcecode.swift; path = Geofence.swift; sourceTree = "<group>"; };
		3CF62C902C59A8E7005B604D /* LoginViewModel.swift */ = {isa = PBXFileReference; lastKnownFileType = sourcecode.swift; path = LoginViewModel.swift; sourceTree = "<group>"; };
/* End PBXFileReference section */

/* Begin PBXFrameworksBuildPhase section */
		3C4648052C4B163A00B914D3 /* Frameworks */ = {
			isa = PBXFrameworksBuildPhase;
			buildActionMask = 2147483647;
			files = (
				3C2FEDE32C4B22B500A925A9 /* FirebaseAuth in Frameworks */,
				3C2FEDE72C4B252B00A925A9 /* FirebaseFirestore in Frameworks */,
			);
			runOnlyForDeploymentPostprocessing = 0;
		};
/* End PBXFrameworksBuildPhase section */

/* Begin PBXGroup section */
		3C2FEDE12C4B22B500A925A9 /* Frameworks */ = {
			isa = PBXGroup;
			children = (
			);
			name = Frameworks;
			sourceTree = "<group>";
		};
		3C4647FF2C4B163A00B914D3 = {
			isa = PBXGroup;
			children = (
				3C46480A2C4B163A00B914D3 /* PontoCom */,
				3C4648092C4B163A00B914D3 /* Products */,
				3C2FEDE12C4B22B500A925A9 /* Frameworks */,
			);
			sourceTree = "<group>";
		};
		3C4648092C4B163A00B914D3 /* Products */ = {
			isa = PBXGroup;
			children = (
				3C4648082C4B163A00B914D3 /* PontoCom.app */,
			);
			name = Products;
			sourceTree = "<group>";
		};
		3C46480A2C4B163A00B914D3 /* PontoCom */ = {
			isa = PBXGroup;
			children = (
				3C46480B2C4B163A00B914D3 /* PontoComApp.swift */,
				3C93EE2F2C4F026A007886A4 /* View */,
				3CF62C8F2C59A8D9005B604D /* ViewModel */,
				3CB473FF2C5067AC000B64BA /* Utils */,
				3C46480F2C4B163C00B914D3 /* Assets.xcassets */,
				3C4648232C4B1F3100B914D3 /* GoogleService-Info.plist */,
				3C4648112C4B163C00B914D3 /* Preview Content */,
			);
			path = PontoCom;
			sourceTree = "<group>";
		};
		3C4648112C4B163C00B914D3 /* Preview Content */ = {
			isa = PBXGroup;
			children = (
				3C4648122C4B163C00B914D3 /* Preview Assets.xcassets */,
			);
			path = "Preview Content";
			sourceTree = "<group>";
		};
		3C93EE2F2C4F026A007886A4 /* View */ = {
			isa = PBXGroup;
			children = (
				3CB474002C506B2E000B64BA /* RootView.swift */,
				3C4648192C4B166600B914D3 /* LoginView.swift */,
				3C2FEDE42C4B24F100A925A9 /* MainView.swift */,
				3CA0F5DF2C4F06C000E49629 /* BotaoView.swift */,
				3CA619392C5C382D0028091D /* TimerView.swift */,
			);
			path = View;
			sourceTree = "<group>";
		};
		3CB473FF2C5067AC000B64BA /* Utils */ = {
			isa = PBXGroup;
			children = (
				3C4648292C4B20E700B914D3 /* AppDelegate.swift */,
				3CB473FA2C505340000B64BA /* FirebaseUtils.swift */,
				3CB473FD2C5067A7000B64BA /* LocationManager.swift */,
				3CF62C8D2C584F47005B604D /* Geofence.swift */,
			);
			path = Utils;
			sourceTree = "<group>";
		};
		3CF62C8F2C59A8D9005B604D /* ViewModel */ = {
			isa = PBXGroup;
			children = (
				3CF62C902C59A8E7005B604D /* LoginViewModel.swift */,
				3CA619372C5C38020028091D /* TImerViewModel.swift */,
			);
			path = ViewModel;
			sourceTree = "<group>";
		};
/* End PBXGroup section */

/* Begin PBXNativeTarget section */
		3C4648072C4B163A00B914D3 /* PontoCom */ = {
			isa = PBXNativeTarget;
			buildConfigurationList = 3C4648162C4B163C00B914D3 /* Build configuration list for PBXNativeTarget "PontoCom" */;
			buildPhases = (
				3C4648042C4B163A00B914D3 /* Sources */,
				3C4648052C4B163A00B914D3 /* Frameworks */,
				3C4648062C4B163A00B914D3 /* Resources */,
			);
			buildRules = (
			);
			dependencies = (
			);
			name = PontoCom;
			packageProductDependencies = (
				3C2FEDE22C4B22B500A925A9 /* FirebaseAuth */,
				3C2FEDE62C4B252B00A925A9 /* FirebaseFirestore */,
			);
			productName = PontoCom;
			productReference = 3C4648082C4B163A00B914D3 /* PontoCom.app */;
			productType = "com.apple.product-type.application";
		};
/* End PBXNativeTarget section */

/* Begin PBXProject section */
		3C4648002C4B163A00B914D3 /* Project object */ = {
			isa = PBXProject;
			attributes = {
				BuildIndependentTargetsInParallel = 1;
				LastSwiftUpdateCheck = 1540;
				LastUpgradeCheck = 1540;
				TargetAttributes = {
					3C4648072C4B163A00B914D3 = {
						CreatedOnToolsVersion = 15.4;
					};
				};
			};
			buildConfigurationList = 3C4648032C4B163A00B914D3 /* Build configuration list for PBXProject "PontoCom" */;
			compatibilityVersion = "Xcode 14.0";
			developmentRegion = "pt-BR";
			hasScannedForEncodings = 0;
			knownRegions = (
				en,
				Base,
				"pt-BR",
			);
			mainGroup = 3C4647FF2C4B163A00B914D3;
			packageReferences = (
				3C46481C2C4B180000B914D3 /* XCRemoteSwiftPackageReference "firebase-ios-sdk" */,
			);
			productRefGroup = 3C4648092C4B163A00B914D3 /* Products */;
			projectDirPath = "";
			projectRoot = "";
			targets = (
				3C4648072C4B163A00B914D3 /* PontoCom */,
			);
		};
/* End PBXProject section */

/* Begin PBXResourcesBuildPhase section */
		3C4648062C4B163A00B914D3 /* Resources */ = {
			isa = PBXResourcesBuildPhase;
			buildActionMask = 2147483647;
			files = (
				3C4648132C4B163C00B914D3 /* Preview Assets.xcassets in Resources */,
				3C4648102C4B163C00B914D3 /* Assets.xcassets in Resources */,
				3C4648242C4B1F3100B914D3 /* GoogleService-Info.plist in Resources */,
			);
			runOnlyForDeploymentPostprocessing = 0;
		};
/* End PBXResourcesBuildPhase section */

/* Begin PBXSourcesBuildPhase section */
		3C4648042C4B163A00B914D3 /* Sources */ = {
			isa = PBXSourcesBuildPhase;
			buildActionMask = 2147483647;
			files = (
				3CF62C8E2C584F47005B604D /* Geofence.swift in Sources */,
				3C46482A2C4B20E700B914D3 /* AppDelegate.swift in Sources */,
				3C46481A2C4B166600B914D3 /* LoginView.swift in Sources */,
				3CA0F5E02C4F06C000E49629 /* BotaoView.swift in Sources */,
				3CB473FE2C5067A7000B64BA /* LocationManager.swift in Sources */,
				3CB474012C506B2E000B64BA /* RootView.swift in Sources */,
				3CA6193A2C5C382D0028091D /* TimerView.swift in Sources */,
				3C2FEDE52C4B24F100A925A9 /* MainView.swift in Sources */,
				3CB473FB2C505340000B64BA /* FirebaseUtils.swift in Sources */,
				3CF62C912C59A8E7005B604D /* LoginViewModel.swift in Sources */,
				3C46480C2C4B163A00B914D3 /* PontoComApp.swift in Sources */,
				3CA619382C5C38020028091D /* TImerViewModel.swift in Sources */,
			);
			runOnlyForDeploymentPostprocessing = 0;
		};
/* End PBXSourcesBuildPhase section */

/* Begin XCBuildConfiguration section */
		3C4648142C4B163C00B914D3 /* Debug */ = {
			isa = XCBuildConfiguration;
			buildSettings = {
				ALWAYS_SEARCH_USER_PATHS = NO;
				ASSETCATALOG_COMPILER_GENERATE_SWIFT_ASSET_SYMBOL_EXTENSIONS = YES;
				CLANG_ANALYZER_NONNULL = YES;
				CLANG_ANALYZER_NUMBER_OBJECT_CONVERSION = YES_AGGRESSIVE;
				CLANG_CXX_LANGUAGE_STANDARD = "gnu++20";
				CLANG_ENABLE_MODULES = YES;
				CLANG_ENABLE_OBJC_ARC = YES;
				CLANG_ENABLE_OBJC_WEAK = YES;
				CLANG_WARN_BLOCK_CAPTURE_AUTORELEASING = YES;
				CLANG_WARN_BOOL_CONVERSION = YES;
				CLANG_WARN_COMMA = YES;
				CLANG_WARN_CONSTANT_CONVERSION = YES;
				CLANG_WARN_DEPRECATED_OBJC_IMPLEMENTATIONS = YES;
				CLANG_WARN_DIRECT_OBJC_ISA_USAGE = YES_ERROR;
				CLANG_WARN_DOCUMENTATION_COMMENTS = YES;
				CLANG_WARN_EMPTY_BODY = YES;
				CLANG_WARN_ENUM_CONVERSION = YES;
				CLANG_WARN_INFINITE_RECURSION = YES;
				CLANG_WARN_INT_CONVERSION = YES;
				CLANG_WARN_NON_LITERAL_NULL_CONVERSION = YES;
				CLANG_WARN_OBJC_IMPLICIT_RETAIN_SELF = YES;
				CLANG_WARN_OBJC_LITERAL_CONVERSION = YES;
				CLANG_WARN_OBJC_ROOT_CLASS = YES_ERROR;
				CLANG_WARN_QUOTED_INCLUDE_IN_FRAMEWORK_HEADER = YES;
				CLANG_WARN_RANGE_LOOP_ANALYSIS = YES;
				CLANG_WARN_STRICT_PROTOTYPES = YES;
				CLANG_WARN_SUSPICIOUS_MOVE = YES;
				CLANG_WARN_UNGUARDED_AVAILABILITY = YES_AGGRESSIVE;
				CLANG_WARN_UNREACHABLE_CODE = YES;
				CLANG_WARN__DUPLICATE_METHOD_MATCH = YES;
				COPY_PHASE_STRIP = NO;
				DEBUG_INFORMATION_FORMAT = dwarf;
				ENABLE_STRICT_OBJC_MSGSEND = YES;
				ENABLE_TESTABILITY = YES;
				ENABLE_USER_SCRIPT_SANDBOXING = YES;
				GCC_C_LANGUAGE_STANDARD = gnu17;
				GCC_DYNAMIC_NO_PIC = NO;
				GCC_NO_COMMON_BLOCKS = YES;
				GCC_OPTIMIZATION_LEVEL = 0;
				GCC_PREPROCESSOR_DEFINITIONS = (
					"DEBUG=1",
					"$(inherited)",
				);
				GCC_WARN_64_TO_32_BIT_CONVERSION = YES;
				GCC_WARN_ABOUT_RETURN_TYPE = YES_ERROR;
				GCC_WARN_UNDECLARED_SELECTOR = YES;
				GCC_WARN_UNINITIALIZED_AUTOS = YES_AGGRESSIVE;
				GCC_WARN_UNUSED_FUNCTION = YES;
				GCC_WARN_UNUSED_VARIABLE = YES;
				IPHONEOS_DEPLOYMENT_TARGET = 17.5;
				LOCALIZATION_PREFERS_STRING_CATALOGS = YES;
				MTL_ENABLE_DEBUG_INFO = INCLUDE_SOURCE;
				MTL_FAST_MATH = YES;
				ONLY_ACTIVE_ARCH = YES;
				SDKROOT = iphoneos;
				SWIFT_ACTIVE_COMPILATION_CONDITIONS = "DEBUG $(inherited)";
				SWIFT_OPTIMIZATION_LEVEL = "-Onone";
			};
			name = Debug;
		};
		3C4648152C4B163C00B914D3 /* Release */ = {
			isa = XCBuildConfiguration;
			buildSettings = {
				ALWAYS_SEARCH_USER_PATHS = NO;
				ASSETCATALOG_COMPILER_GENERATE_SWIFT_ASSET_SYMBOL_EXTENSIONS = YES;
				CLANG_ANALYZER_NONNULL = YES;
				CLANG_ANALYZER_NUMBER_OBJECT_CONVERSION = YES_AGGRESSIVE;
				CLANG_CXX_LANGUAGE_STANDARD = "gnu++20";
				CLANG_ENABLE_MODULES = YES;
				CLANG_ENABLE_OBJC_ARC = YES;
				CLANG_ENABLE_OBJC_WEAK = YES;
				CLANG_WARN_BLOCK_CAPTURE_AUTORELEASING = YES;
				CLANG_WARN_BOOL_CONVERSION = YES;
				CLANG_WARN_COMMA = YES;
				CLANG_WARN_CONSTANT_CONVERSION = YES;
				CLANG_WARN_DEPRECATED_OBJC_IMPLEMENTATIONS = YES;
				CLANG_WARN_DIRECT_OBJC_ISA_USAGE = YES_ERROR;
				CLANG_WARN_DOCUMENTATION_COMMENTS = YES;
				CLANG_WARN_EMPTY_BODY = YES;
				CLANG_WARN_ENUM_CONVERSION = YES;
				CLANG_WARN_INFINITE_RECURSION = YES;
				CLANG_WARN_INT_CONVERSION = YES;
				CLANG_WARN_NON_LITERAL_NULL_CONVERSION = YES;
				CLANG_WARN_OBJC_IMPLICIT_RETAIN_SELF = YES;
				CLANG_WARN_OBJC_LITERAL_CONVERSION = YES;
				CLANG_WARN_OBJC_ROOT_CLASS = YES_ERROR;
				CLANG_WARN_QUOTED_INCLUDE_IN_FRAMEWORK_HEADER = YES;
				CLANG_WARN_RANGE_LOOP_ANALYSIS = YES;
				CLANG_WARN_STRICT_PROTOTYPES = YES;
				CLANG_WARN_SUSPICIOUS_MOVE = YES;
				CLANG_WARN_UNGUARDED_AVAILABILITY = YES_AGGRESSIVE;
				CLANG_WARN_UNREACHABLE_CODE = YES;
				CLANG_WARN__DUPLICATE_METHOD_MATCH = YES;
				COPY_PHASE_STRIP = NO;
				DEBUG_INFORMATION_FORMAT = "dwarf-with-dsym";
				ENABLE_NS_ASSERTIONS = NO;
				ENABLE_STRICT_OBJC_MSGSEND = YES;
				ENABLE_USER_SCRIPT_SANDBOXING = YES;
				GCC_C_LANGUAGE_STANDARD = gnu17;
				GCC_NO_COMMON_BLOCKS = YES;
				GCC_WARN_64_TO_32_BIT_CONVERSION = YES;
				GCC_WARN_ABOUT_RETURN_TYPE = YES_ERROR;
				GCC_WARN_UNDECLARED_SELECTOR = YES;
				GCC_WARN_UNINITIALIZED_AUTOS = YES_AGGRESSIVE;
				GCC_WARN_UNUSED_FUNCTION = YES;
				GCC_WARN_UNUSED_VARIABLE = YES;
				IPHONEOS_DEPLOYMENT_TARGET = 17.5;
				LOCALIZATION_PREFERS_STRING_CATALOGS = YES;
				MTL_ENABLE_DEBUG_INFO = NO;
				MTL_FAST_MATH = YES;
				SDKROOT = iphoneos;
				SWIFT_COMPILATION_MODE = wholemodule;
				VALIDATE_PRODUCT = YES;
			};
			name = Release;
		};
		3C4648172C4B163C00B914D3 /* Debug */ = {
			isa = XCBuildConfiguration;
			buildSettings = {
				ASSETCATALOG_COMPILER_APPICON_NAME = AppIcon;
				ASSETCATALOG_COMPILER_GLOBAL_ACCENT_COLOR_NAME = AccentColor;
				CODE_SIGN_STYLE = Automatic;
				CURRENT_PROJECT_VERSION = 1;
				DEVELOPMENT_ASSET_PATHS = "\"PontoCom/Preview Content\"";
				DEVELOPMENT_TEAM = Y25NP8JU6C;
				ENABLE_PREVIEWS = YES;
				GENERATE_INFOPLIST_FILE = YES;
				INFOPLIST_FILE = PontoCom/Info.plist;
				INFOPLIST_KEY_NSLocationWhenInUseUsageDescription = "Precisamos da sua localização para registrar o ponto.";
				INFOPLIST_KEY_UIApplicationSceneManifest_Generation = YES;
				INFOPLIST_KEY_UIApplicationSupportsIndirectInputEvents = YES;
				INFOPLIST_KEY_UILaunchScreen_Generation = YES;
				INFOPLIST_KEY_UISupportedInterfaceOrientations = UIInterfaceOrientationPortrait;
				INFOPLIST_KEY_UISupportedInterfaceOrientations_iPad = "UIInterfaceOrientationPortrait UIInterfaceOrientationPortraitUpsideDown";
				LD_RUNPATH_SEARCH_PATHS = (
					"$(inherited)",
					"@executable_path/Frameworks",
				);
				MARKETING_VERSION = 1.0;
				PRODUCT_BUNDLE_IDENTIFIER = com.joellacerda.PontoCom;
				PRODUCT_NAME = "$(TARGET_NAME)";
				SUPPORTED_PLATFORMS = "iphoneos iphonesimulator";
				SUPPORTS_MACCATALYST = NO;
				SUPPORTS_MAC_DESIGNED_FOR_IPHONE_IPAD = NO;
				SUPPORTS_XR_DESIGNED_FOR_IPHONE_IPAD = NO;
				SWIFT_EMIT_LOC_STRINGS = YES;
				SWIFT_VERSION = 5.0;
				TARGETED_DEVICE_FAMILY = "1,2";
			};
			name = Debug;
		};
		3C4648182C4B163C00B914D3 /* Release */ = {
			isa = XCBuildConfiguration;
			buildSettings = {
				ASSETCATALOG_COMPILER_APPICON_NAME = AppIcon;
				ASSETCATALOG_COMPILER_GLOBAL_ACCENT_COLOR_NAME = AccentColor;
				CODE_SIGN_STYLE = Automatic;
				CURRENT_PROJECT_VERSION = 1;
				DEVELOPMENT_ASSET_PATHS = "\"PontoCom/Preview Content\"";
				DEVELOPMENT_TEAM = Y25NP8JU6C;
				ENABLE_PREVIEWS = YES;
				GENERATE_INFOPLIST_FILE = YES;
				INFOPLIST_FILE = PontoCom/Info.plist;
				INFOPLIST_KEY_NSLocationWhenInUseUsageDescription = "Precisamos da sua localização para registrar o ponto.";
				INFOPLIST_KEY_UIApplicationSceneManifest_Generation = YES;
				INFOPLIST_KEY_UIApplicationSupportsIndirectInputEvents = YES;
				INFOPLIST_KEY_UILaunchScreen_Generation = YES;
				INFOPLIST_KEY_UISupportedInterfaceOrientations = UIInterfaceOrientationPortrait;
				INFOPLIST_KEY_UISupportedInterfaceOrientations_iPad = "UIInterfaceOrientationPortrait UIInterfaceOrientationPortraitUpsideDown";
				LD_RUNPATH_SEARCH_PATHS = (
					"$(inherited)",
					"@executable_path/Frameworks",
				);
				MARKETING_VERSION = 1.0;
				PRODUCT_BUNDLE_IDENTIFIER = com.joellacerda.PontoCom;
				PRODUCT_NAME = "$(TARGET_NAME)";
				SUPPORTED_PLATFORMS = "iphoneos iphonesimulator";
				SUPPORTS_MACCATALYST = NO;
				SUPPORTS_MAC_DESIGNED_FOR_IPHONE_IPAD = NO;
				SUPPORTS_XR_DESIGNED_FOR_IPHONE_IPAD = NO;
				SWIFT_EMIT_LOC_STRINGS = YES;
				SWIFT_VERSION = 5.0;
				TARGETED_DEVICE_FAMILY = "1,2";
			};
			name = Release;
		};
/* End XCBuildConfiguration section */

/* Begin XCConfigurationList section */
		3C4648032C4B163A00B914D3 /* Build configuration list for PBXProject "PontoCom" */ = {
			isa = XCConfigurationList;
			buildConfigurations = (
				3C4648142C4B163C00B914D3 /* Debug */,
				3C4648152C4B163C00B914D3 /* Release */,
			);
			defaultConfigurationIsVisible = 0;
			defaultConfigurationName = Release;
		};
		3C4648162C4B163C00B914D3 /* Build configuration list for PBXNativeTarget "PontoCom" */ = {
			isa = XCConfigurationList;
			buildConfigurations = (
				3C4648172C4B163C00B914D3 /* Debug */,
				3C4648182C4B163C00B914D3 /* Release */,
			);
			defaultConfigurationIsVisible = 0;
			defaultConfigurationName = Release;
		};
/* End XCConfigurationList section */

/* Begin XCRemoteSwiftPackageReference section */
		3C46481C2C4B180000B914D3 /* XCRemoteSwiftPackageReference "firebase-ios-sdk" */ = {
			isa = XCRemoteSwiftPackageReference;
			repositoryURL = "https://github.com/firebase/firebase-ios-sdk";
			requirement = {
				kind = upToNextMajorVersion;
				minimumVersion = 10.29.0;
			};
		};
/* End XCRemoteSwiftPackageReference section */

/* Begin XCSwiftPackageProductDependency section */
		3C2FEDE22C4B22B500A925A9 /* FirebaseAuth */ = {
			isa = XCSwiftPackageProductDependency;
			package = 3C46481C2C4B180000B914D3 /* XCRemoteSwiftPackageReference "firebase-ios-sdk" */;
			productName = FirebaseAuth;
		};
		3C2FEDE62C4B252B00A925A9 /* FirebaseFirestore */ = {
			isa = XCSwiftPackageProductDependency;
			package = 3C46481C2C4B180000B914D3 /* XCRemoteSwiftPackageReference "firebase-ios-sdk" */;
			productName = FirebaseFirestore;
		};
/* End XCSwiftPackageProductDependency section */
	};
	rootObject = 3C4648002C4B163A00B914D3 /* Project object */;
}
